
Microsoft Visual Studio Solution File, Format Version 12.00
# Visual Studio 2013
VisualStudioVersion = 12.0.30723.0
MinimumVisualStudioVersion = 10.0.40219.1
Project("{FAE04EC0-301F-11D3-BF4B-00C04F79EFBC}") = "ClassLibrary1", "src\ClassLibrary1\ClassLibrary1.csproj", "{B720DDE8-A0D7-4EB8-BD9A-B0B638386644}"
EndProject
Global
	GlobalSection(SolutionConfigurationPlatforms) = preSolution
		Debug|Any CPU = Debug|Any CPU
		Release|Any CPU = Release|Any CPU
	EndGlobalSection
	GlobalSection(ProjectConfigurationPlatforms) = postSolution
		{B720DDE8-A0D7-4EB8-BD9A-B0B638386644}.Debug|Any CPU.ActiveCfg = Debug|Any CPU
		{B720DDE8-A0D7-4EB8-BD9A-B0B638386644}.Debug|Any CPU.Build.0 = Debug|Any CPU
		{B720DDE8-A0D7-4EB8-BD9A-B0B638386644}.Release|Any CPU.ActiveCfg = Release|Any CPU
		{B720DDE8-A0D7-4EB8-BD9A-B0B638386644}.Release|Any CPU.Build.0 = Release|Any CPU
	EndGlobalSection
	GlobalSection(SolutionProperties) = preSolution
		HideSolutionNode = FALSE
	EndGlobalSection
EndGlobal
